{
  "version": 4,
  "terraform_version": "1.15.8",
  "serial": 7,
  "lineage": "8c1c4f2e-2069-9934-ac95-1af36d0f8e67",
  "outputs": {
    "analytics_dataset": {
      "value": "shopsense_analytics",
      "type": "string"
    },
    "data_lake_bucket": {
      "value": "shopsense-data-lake",
      "type": "string"
    },
    "insight_data_table": {
      "value": "insight_data_table",
      "type": "string"
    },
    "pipeline_service_account": {
      "value": "shopsense-data-pipeline-sa@shop-sense-project.iam.gserviceaccount.com",
      "type": "string"
    },
    "raw_data_table": {
      "value": "raw_data_table",
      "type": "string"
    },
    "transform_data_table": {
      "value": "transform_data_table",
      "type": "string"
    }
  },
  "resources": [
    {
      "module": "module.bigquery",
      "mode": "managed",
      "type": "google_bigquery_dataset",
      "name": "analytics",
      "provider": "provider[\"registry.terraform.io/hashicorp/google\"]",
      "instances": [
        {
          "schema_version": 0,
          "attributes": {
            "access": [
              {
                "condition": [],
                "dataset": [],
                "domain": "",
                "group_by_email": "",
                "iam_member": "",
                "role": "OWNER",
                "routine": [],
                "special_group": "",
                "user_by_email": "pranaybhoware2701@gmail.com",
                "view": []
              },
              {
                "condition": [],
                "dataset": [],
                "domain": "",
                "group_by_email": "",
                "iam_member": "",
                "role": "OWNER",
                "routine": [],
                "special_group": "projectOwners",
                "user_by_email": "",
                "view": []
              },
              {
                "condition": [],
                "dataset": [],
                "domain": "",
                "group_by_email": "",
                "iam_member": "",
                "role": "READER",
                "routine": [],
                "special_group": "projectReaders",
                "user_by_email": "",
                "view": []
              },
              {
                "condition": [],
                "dataset": [],
                "domain": "",
                "group_by_email": "",
                "iam_member": "",
                "role": "WRITER",
                "routine": [],
                "special_group": "projectWriters",
                "user_by_email": "",
                "view": []
              }
            ],
            "creation_time": 1787658230760,
            "dataset_id": "shopsense_analytics",
            "default_collation": "",
            "default_encryption_configuration": [],
            "default_partition_expiration_ms": 0,
            "default_table_expiration_ms": 0,
            "delete_contents_on_destroy": false,
            "deletion_policy": "DELETE",
            "description": "ShopSense analytics dataset.",
            "effective_labels": {
              "goog-terraform-provisioned": "true"
            },
            "etag": "Wt6Ms5d5ioGhl5Ihsn9cqQ==",
            "external_catalog_dataset_options": [],
            "external_dataset_reference": [],
            "friendly_name": "",
            "id": "projects/shop-sense-project/datasets/shopsense_analytics",
            "is_case_insensitive": false,
            "labels": null,
            "last_modified_time": 1787658230760,
            "location": "asia-south1",
            "max_time_travel_hours": "168",
            "project": "shop-sense-project",
            "resource_tags": null,
            "self_link": "https://bigquery.googleapis.com/bigquery/v2/projects/shop-sense-project/datasets/shopsense_analytics",
            "storage_billing_model": "",
            "terraform_labels": {
              "goog-terraform-provisioned": "true"
            },
            "timeouts": null
          },
          "sensitive_attributes": [],
          "identity_schema_version": 1,
          "identity": {
            "dataset_id": "shopsense_analytics",
            "project": "shop-sense-project"
          },
          "private": "eyJlMmJmYjczMC1lY2FhLTExZTYtOGY4OC0zNDM2M2JjN2M0YzAiOnsiY3JlYXRlIjoxMjAwMDAwMDAwMDAwLCJkZWxldGUiOjEyMDAwMDAwMDAwMDAsInVwZGF0ZSI6MTIwMDAwMDAwMDAwMH19"
        }
      ]
    },
    {
      "module": "module.bigquery",
      "mode": "managed",
      "type": "google_bigquery_table",
      "name": "insight_data",
      "provider": "provider[\"registry.terraform.io/hashicorp/google\"]",
      "instances": [
        {
          "schema_version": 0,
          "attributes": {
            "biglake_configuration": [],
            "clustering": null,
            "creation_time": 1787658234124,
            "dataset_id": "shopsense_analytics",
            "deletion_policy": "DELETE",
            "deletion_protection": false,
            "description": "",
            "effective_labels": {
              "goog-terraform-provisioned": "true"
            },
            "encryption_configuration": [],
            "etag": "nAqMsA2PjSwkpP+Ps7EXrw==",
            "expiration_time": null,
            "external_catalog_table_options": [],
            "external_data_configuration": [],
            "friendly_name": "",
            "generated_schema_columns": null,
            "id": "projects/shop-sense-project/datasets/shopsense_analytics/tables/insight_data_table",
            "ignore_auto_generated_schema": false,
            "ignore_schema_changes": null,
            "labels": null,
            "last_modified_time": 1787658234234,
            "location": "asia-south1",
            "materialized_view": [],
            "max_staleness": "",
            "num_bytes": null,
            "num_long_term_bytes": null,
            "num_rows": null,
            "project": "shop-sense-project",
            "range_partitioning": [],
            "require_partition_filter": null,
            "resource_tags": null,
            "schema": null,
            "schema_foreign_type_info": [],
            "self_link": "https://bigquery.googleapis.com/bigquery/v2/projects/shop-sense-project/datasets/shopsense_analytics/tables/insight_data_table",
            "table_constraints": [],
            "table_id": "insight_data_table",
            "table_metadata_view": null,
            "table_replication_info": [],
            "terraform_labels": {
              "goog-terraform-provisioned": "true"
            },
            "time_partitioning": [],
            "type": "TABLE",
            "view": []
          },
          "sensitive_attributes": [],
          "identity_schema_version": 1,
          "identity": {
            "dataset_id": "shopsense_analytics",
            "project": "shop-sense-project",
            "table_id": "insight_data_table"
          },
          "private": "bnVsbA==",
          "dependencies": [
            "module.bigquery.google_bigquery_dataset.analytics"
          ]
        }
      ]
    },
    {
      "module": "module.bigquery",
      "mode": "managed",
      "type": "google_bigquery_table",
      "name": "raw_data",
      "provider": "provider[\"registry.terraform.io/hashicorp/google\"]",
      "instances": [
        {
          "schema_version": 0,
          "attributes": {
            "biglake_configuration": [],
            "clustering": null,
            "creation_time": 1787658234124,
            "dataset_id": "shopsense_analytics",
            "deletion_policy": "DELETE",
            "deletion_protection": false,
            "description": "",
            "effective_labels": {
              "goog-terraform-provisioned": "true"
            },
            "encryption_configuration": [],
            "etag": "EHQvoofsYA1ljr2NH+uUEg==",
            "expiration_time": null,
            "external_catalog_table_options": [],
            "external_data_configuration": [],
            "friendly_name": "",
            "generated_schema_columns": null,
            "id": "projects/shop-sense-project/datasets/shopsense_analytics/tables/raw_data_table",
            "ignore_auto_generated_schema": false,
            "ignore_schema_changes": null,
            "labels": null,
            "last_modified_time": 1787658234234,
            "location": "asia-south1",
            "materialized_view": [],
            "max_staleness": "",
            "num_bytes": null,
            "num_long_term_bytes": null,
            "num_rows": null,
            "project": "shop-sense-project",
            "range_partitioning": [],
            "require_partition_filter": null,
            "resource_tags": null,
            "schema": null,
            "schema_foreign_type_info": [],
            "self_link": "https://bigquery.googleapis.com/bigquery/v2/projects/shop-sense-project/datasets/shopsense_analytics/tables/raw_data_table",
            "table_constraints": [],
            "table_id": "raw_data_table",
            "table_metadata_view": null,
            "table_replication_info": [],
            "terraform_labels": {
              "goog-terraform-provisioned": "true"
            },
            "time_partitioning": [],
            "type": "TABLE",
            "view": []
          },
          "sensitive_attributes": [],
          "identity_schema_version": 1,
          "identity": {
            "dataset_id": "shopsense_analytics",
            "project": "shop-sense-project",
            "table_id": "raw_data_table"
          },
          "private": "bnVsbA==",
          "dependencies": [
            "module.bigquery.google_bigquery_dataset.analytics"
          ]
        }
      ]
    },
    {
      "module": "module.bigquery",
      "mode": "managed",
      "type": "google_bigquery_table",
      "name": "transform_data",
      "provider": "provider[\"registry.terraform.io/hashicorp/google\"]",
      "instances": [
        {
          "schema_version": 0,
          "attributes": {
            "biglake_configuration": [],
            "clustering": null,
            "creation_time": 1787658234124,
            "dataset_id": "shopsense_analytics",
            "deletion_policy": "DELETE",
            "deletion_protection": false,
            "description": "",
            "effective_labels": {
              "goog-terraform-provisioned": "true"
            },
            "encryption_configuration": [],
            "etag": "JFA7VUldofOsw5IwUnECBA==",
            "expiration_time": null,
            "external_catalog_table_options": [],
            "external_data_configuration": [],
            "friendly_name": "",
            "generated_schema_columns": null,
            "id": "projects/shop-sense-project/datasets/shopsense_analytics/tables/transform_data_table",
            "ignore_auto_generated_schema": false,
            "ignore_schema_changes": null,
            "labels": null,
            "last_modified_time": 1787658234235,
            "location": "asia-south1",
            "materialized_view": [],
            "max_staleness": "",
            "num_bytes": null,
            "num_long_term_bytes": null,
            "num_rows": null,
            "project": "shop-sense-project",
            "range_partitioning": [],
            "require_partition_filter": null,
            "resource_tags": null,
            "schema": null,
            "schema_foreign_type_info": [],
            "self_link": "https://bigquery.googleapis.com/bigquery/v2/projects/shop-sense-project/datasets/shopsense_analytics/tables/transform_data_table",
            "table_constraints": [],
            "table_id": "transform_data_table",
            "table_metadata_view": null,
            "table_replication_info": [],
            "terraform_labels": {
              "goog-terraform-provisioned": "true"
            },
            "time_partitioning": [],
            "type": "TABLE",
            "view": []
          },
          "sensitive_attributes": [],
          "identity_schema_version": 1,
          "identity": {
            "dataset_id": "shopsense_analytics",
            "project": "shop-sense-project",
            "table_id": "transform_data_table"
          },
          "private": "bnVsbA==",
          "dependencies": [
            "module.bigquery.google_bigquery_dataset.analytics"
          ]
        }
      ]
    },
    {
      "module": "module.service_account",
      "mode": "managed",
      "type": "google_service_account",
      "name": "pipeline",
      "provider": "provider[\"registry.terraform.io/hashicorp/google\"]",
      "instances": [
        {
          "schema_version": 0,
          "attributes": {
            "account_id": "shopsense-data-pipeline-sa",
            "create_ignore_already_exists": null,
            "deletion_policy": "DELETE",
            "description": "Service account used by the ShopSense data pipeline.",
            "disabled": false,
            "display_name": "ShopSense Data Pipeline Service Account",
            "email": "shopsense-data-pipeline-sa@shop-sense-project.iam.gserviceaccount.com",
            "id": "projects/shop-sense-project/serviceAccounts/shopsense-data-pipeline-sa@shop-sense-project.iam.gserviceaccount.com",
            "member": "serviceAccount:shopsense-data-pipeline-sa@shop-sense-project.iam.gserviceaccount.com",
            "name": "projects/shop-sense-project/serviceAccounts/shopsense-data-pipeline-sa@shop-sense-project.iam.gserviceaccount.com",
            "project": "shop-sense-project",
            "timeouts": null,
            "unique_id": "114066705655600031218"
          },
          "sensitive_attributes": [],
          "identity_schema_version": 1,
          "identity": {
            "email": "shopsense-data-pipeline-sa@shop-sense-project.iam.gserviceaccount.com",
            "project": "shop-sense-project"
          },
          "private": "eyJlMmJmYjczMC1lY2FhLTExZTYtOGY4OC0zNDM2M2JjN2M0YzAiOnsiY3JlYXRlIjozMDAwMDAwMDAwMDB9fQ=="
        }
      ]
    },
    {
      "module": "module.storage",
      "mode": "managed",
      "type": "google_storage_bucket",
      "name": "data_lake",
      "provider": "provider[\"registry.terraform.io/hashicorp/google\"]",
      "instances": [
        {
          "schema_version": 4,
          "attributes": {
            "autoclass": [],
            "cors": [],
            "custom_placement_config": [],
            "default_event_based_hold": false,
            "deletion_policy": "DELETE",
            "effective_labels": {
              "goog-terraform-provisioned": "true"
            },
            "enable_object_retention": false,
            "encryption": [],
            "force_destroy": false,
            "hierarchical_namespace": [
              {
                "enabled": false
              }
            ],
            "id": "shopsense-data-lake",
            "ip_filter": [],
            "labels": null,
            "lifecycle_rule": [],
            "location": "ASIA-SOUTH1",
            "logging": [],
            "name": "shopsense-data-lake",
            "project": "shop-sense-project",
            "project_number": 543271284075,
            "public_access_prevention": "enforced",
            "requester_pays": false,
            "retention_policy": [],
            "rpo": null,
            "self_link": "https://www.googleapis.com/storage/v1/b/shopsense-data-lake",
            "soft_delete_policy": [
              {
                "effective_time": "2026-08-25T11:43:51.904Z",
                "retention_duration_seconds": 604800
              }
            ],
            "storage_class": "STANDARD",
            "terraform_labels": {
              "goog-terraform-provisioned": "true"
            },
            "time_created": "2026-08-25T11:43:51.904Z",
            "timeouts": null,
            "uniform_bucket_level_access": true,
            "updated": "2026-08-25T11:43:51.904Z",
            "url": "gs://shopsense-data-lake",
            "versioning": [
              {
                "enabled": true
              }
            ],
            "website": []
          },
          "sensitive_attributes": [],
          "identity_schema_version": 1,
          "identity": {
            "name": "shopsense-data-lake",
            "project": "shop-sense-project"
          },
          "private": "eyJlMmJmYjczMC1lY2FhLTExZTYtOGY4OC0zNDM2M2JjN2M0YzAiOnsiY3JlYXRlIjo2MDAwMDAwMDAwMDAsInJlYWQiOjI0MDAwMDAwMDAwMCwidXBkYXRlIjoyNDAwMDAwMDAwMDB9LCJzY2hlbWFfdmVyc2lvbiI6IjQifQ=="
        }
      ]
    }
  ],
  "check_results": null
}
