{
  "version": 4,
  "terraform_version": "1.15.8",
  "serial": 26,
  "lineage": "8c1c4f2e-2069-9934-ac95-1af36d0f8e67",
  "outputs": {
    "bridge_category_hierarchy_table_id": {
      "value": "bridge_category_hierarchy",
      "type": "string"
    },
    "dataset_id": {
      "value": "shopsense_analytics",
      "type": "string"
    },
    "dim_brand_table_id": {
      "value": "dim_brand",
      "type": "string"
    },
    "dim_category_table_id": {
      "value": "dim_category",
      "type": "string"
    },
    "dim_date_table_id": {
      "value": "dim_date",
      "type": "string"
    },
    "dim_product_table_id": {
      "value": "dim_product",
      "type": "string"
    },
    "dim_session_table_id": {
      "value": "dim_session",
      "type": "string"
    },
    "fact_events_table_id": {
      "value": "fact_events",
      "type": "string"
    },
    "gold_dataset_id": {
      "value": "shopsense_analytics_gold",
      "type": "string"
    },
    "ingestion_insight_control_table_id": {
      "value": "ingestion_insight_control",
      "type": "string"
    },
    "ingestion_transform_control_table_id": {
      "value": "ingestion_transform_control",
      "type": "string"
    },
    "quarantine_data_table_id": {
      "value": "quarantine_data_table",
      "type": "string"
    },
    "raw_table_id": {
      "value": "raw_data_table",
      "type": "string"
    },
    "shopsense_raw_stg_table_id": {
      "value": "shopsense_raw_stg",
      "type": "string"
    },
    "silver_dataset_id": {
      "value": "shopsense_analytics_silver",
      "type": "string"
    },
    "transform_data_table_id": {
      "value": "transform_data_table",
      "type": "string"
    }
  },
  "resources": [
    {
      "module": "module.bigquery",
      "mode": "managed",
      "type": "google_bigquery_dataset",
      "name": "analytics",
      "provider": "provider[\"registry.terraform.io/hashicorp/google\"]",
      "instances": [
        {
          "schema_version": 0,
          "attributes": {
            "access": [
              {
                "condition": [],
                "dataset": [],
                "domain": "",
                "group_by_email": "",
                "iam_member": "",
                "role": "OWNER",
                "routine": [],
                "special_group": "",
                "user_by_email": "pranaybhoware2701@gmail.com",
                "view": []
              },
              {
                "condition": [],
                "dataset": [],
                "domain": "",
                "group_by_email": "",
                "iam_member": "",
                "role": "OWNER",
                "routine": [],
                "special_group": "projectOwners",
                "user_by_email": "",
                "view": []
              },
              {
                "condition": [],
                "dataset": [],
                "domain": "",
                "group_by_email": "",
                "iam_member": "",
                "role": "READER",
                "routine": [],
                "special_group": "projectReaders",
                "user_by_email": "",
                "view": []
              },
              {
                "condition": [],
                "dataset": [],
                "domain": "",
                "group_by_email": "",
                "iam_member": "",
                "role": "WRITER",
                "routine": [],
                "special_group": "projectWriters",
                "user_by_email": "",
                "view": []
              }
            ],
            "creation_time": 1787658230760,
            "dataset_id": "shopsense_analytics",
            "default_collation": "",
            "default_encryption_configuration": [],
            "default_partition_expiration_ms": 0,
            "default_table_expiration_ms": 0,
            "delete_contents_on_destroy": false,
            "deletion_policy": "DELETE",
            "description": "ShopSense analytics dataset.",
            "effective_labels": {
              "goog-terraform-provisioned": "true"
            },
            "etag": "Wt6Ms5d5ioGhl5Ihsn9cqQ==",
            "external_catalog_dataset_options": [],
            "external_dataset_reference": [],
            "friendly_name": "",
            "id": "projects/shop-sense-project/datasets/shopsense_analytics",
            "is_case_insensitive": false,
            "labels": {},
            "last_modified_time": 1787658230760,
            "location": "asia-south1",
            "max_time_travel_hours": "168",
            "project": "shop-sense-project",
            "resource_tags": {},
            "self_link": "https://bigquery.googleapis.com/bigquery/v2/projects/shop-sense-project/datasets/shopsense_analytics",
            "storage_billing_model": "",
            "terraform_labels": {
              "goog-terraform-provisioned": "true"
            },
            "timeouts": null
          },
          "sensitive_attributes": [],
          "identity_schema_version": 1,
          "identity": {
            "dataset_id": "shopsense_analytics",
            "project": "shop-sense-project"
          },
          "private": "eyJlMmJmYjczMC1lY2FhLTExZTYtOGY4OC0zNDM2M2JjN2M0YzAiOnsiY3JlYXRlIjoxMjAwMDAwMDAwMDAwLCJkZWxldGUiOjEyMDAwMDAwMDAwMDAsInVwZGF0ZSI6MTIwMDAwMDAwMDAwMH19"
        }
      ]
    },
    {
      "module": "module.bigquery",
      "mode": "managed",
      "type": "google_bigquery_dataset",
      "name": "gold",
      "provider": "provider[\"registry.terraform.io/hashicorp/google\"]",
      "instances": [
        {
          "schema_version": 0,
          "attributes": {
            "access": [
              {
                "condition": [],
                "dataset": [],
                "domain": "",
                "group_by_email": "",
                "iam_member": "",
                "role": "OWNER",
                "routine": [],
                "special_group": "",
                "user_by_email": "pranaybhoware2701@gmail.com",
                "view": []
              },
              {
                "condition": [],
                "dataset": [],
                "domain": "",
                "group_by_email": "",
                "iam_member": "",
                "role": "OWNER",
                "routine": [],
                "special_group": "projectOwners",
                "user_by_email": "",
                "view": []
              },
              {
                "condition": [],
                "dataset": [],
                "domain": "",
                "group_by_email": "",
                "iam_member": "",
                "role": "READER",
                "routine": [],
                "special_group": "projectReaders",
                "user_by_email": "",
                "view": []
              },
              {
                "condition": [],
                "dataset": [],
                "domain": "",
                "group_by_email": "",
                "iam_member": "",
                "role": "WRITER",
                "routine": [],
                "special_group": "projectWriters",
                "user_by_email": "",
                "view": []
              }
            ],
            "creation_time": 1788007652176,
            "dataset_id": "shopsense_analytics_gold",
            "default_collation": "",
            "default_encryption_configuration": [],
            "default_partition_expiration_ms": 0,
            "default_table_expiration_ms": 0,
            "delete_contents_on_destroy": false,
            "deletion_policy": "DELETE",
            "description": "ShopSense Gold analytics dataset.",
            "effective_labels": {
              "goog-terraform-provisioned": "true"
            },
            "etag": "BFab8kKywkM0s3BkULt1cQ==",
            "external_catalog_dataset_options": [],
            "external_dataset_reference": [],
            "friendly_name": "",
            "id": "projects/shop-sense-project/datasets/shopsense_analytics_gold",
            "is_case_insensitive": false,
            "labels": null,
            "last_modified_time": 1788007652176,
            "location": "asia-south1",
            "max_time_travel_hours": "168",
            "project": "shop-sense-project",
            "resource_tags": null,
            "self_link": "https://bigquery.googleapis.com/bigquery/v2/projects/shop-sense-project/datasets/shopsense_analytics_gold",
            "storage_billing_model": "",
            "terraform_labels": {
              "goog-terraform-provisioned": "true"
            },
            "timeouts": null
          },
          "sensitive_attributes": [],
          "identity_schema_version": 1,
          "identity": {
            "dataset_id": "shopsense_analytics_gold",
            "project": "shop-sense-project"
          },
          "private": "eyJlMmJmYjczMC1lY2FhLTExZTYtOGY4OC0zNDM2M2JjN2M0YzAiOnsiY3JlYXRlIjoxMjAwMDAwMDAwMDAwLCJkZWxldGUiOjEyMDAwMDAwMDAwMDAsInVwZGF0ZSI6MTIwMDAwMDAwMDAwMH19"
        }
      ]
    },
    {
      "module": "module.bigquery",
      "mode": "managed",
      "type": "google_bigquery_dataset",
      "name": "silver",
      "provider": "provider[\"registry.terraform.io/hashicorp/google\"]",
      "instances": [
        {
          "schema_version": 0,
          "attributes": {
            "access": [
              {
                "condition": [],
                "dataset": [],
                "domain": "",
                "group_by_email": "",
                "iam_member": "",
                "role": "OWNER",
                "routine": [],
                "special_group": "",
                "user_by_email": "pranaybhoware2701@gmail.com",
                "view": []
              },
              {
                "condition": [],
                "dataset": [],
                "domain": "",
                "group_by_email": "",
                "iam_member": "",
                "role": "OWNER",
                "routine": [],
                "special_group": "projectOwners",
                "user_by_email": "",
                "view": []
              },
              {
                "condition": [],
                "dataset": [],
                "domain": "",
                "group_by_email": "",
                "iam_member": "",
                "role": "READER",
                "routine": [],
                "special_group": "projectReaders",
                "user_by_email": "",
                "view": []
              },
              {
                "condition": [],
                "dataset": [],
                "domain": "",
                "group_by_email": "",
                "iam_member": "",
                "role": "WRITER",
                "routine": [],
                "special_group": "projectWriters",
                "user_by_email": "",
                "view": []
              }
            ],
            "creation_time": 1787934041747,
            "dataset_id": "shopsense_analytics_silver",
            "default_collation": "",
            "default_encryption_configuration": [],
            "default_partition_expiration_ms": 0,
            "default_table_expiration_ms": 0,
            "delete_contents_on_destroy": false,
            "deletion_policy": "DELETE",
            "description": "ShopSense Silver analytics dataset.",
            "effective_labels": {
              "goog-terraform-provisioned": "true"
            },
            "etag": "+hsWF/v/DLp4g3YRGrpN7w==",
            "external_catalog_dataset_options": [],
            "external_dataset_reference": [],
            "friendly_name": "",
            "id": "projects/shop-sense-project/datasets/shopsense_analytics_silver",
            "is_case_insensitive": false,
            "labels": {},
            "last_modified_time": 1787934041747,
            "location": "asia-south1",
            "max_time_travel_hours": "168",
            "project": "shop-sense-project",
            "resource_tags": {},
            "self_link": "https://bigquery.googleapis.com/bigquery/v2/projects/shop-sense-project/datasets/shopsense_analytics_silver",
            "storage_billing_model": "",
            "terraform_labels": {
              "goog-terraform-provisioned": "true"
            },
            "timeouts": null
          },
          "sensitive_attributes": [],
          "identity_schema_version": 1,
          "identity": {
            "dataset_id": "shopsense_analytics_silver",
            "project": "shop-sense-project"
          },
          "private": "eyJlMmJmYjczMC1lY2FhLTExZTYtOGY4OC0zNDM2M2JjN2M0YzAiOnsiY3JlYXRlIjoxMjAwMDAwMDAwMDAwLCJkZWxldGUiOjEyMDAwMDAwMDAwMDAsInVwZGF0ZSI6MTIwMDAwMDAwMDAwMH19"
        }
      ]
    },
    {
      "module": "module.bigquery",
      "mode": "managed",
      "type": "google_bigquery_table",
      "name": "bridge_category_hierarchy",
      "provider": "provider[\"registry.terraform.io/hashicorp/google\"]",
      "instances": [
        {
          "schema_version": 0,
          "attributes": {
            "biglake_configuration": [],
            "clustering": null,
            "creation_time": 1788007655353,
            "dataset_id": "shopsense_analytics_gold",
            "deletion_policy": "DELETE",
            "deletion_protection": false,
            "description": "",
            "effective_labels": {
              "goog-terraform-provisioned": "true"
            },
            "encryption_configuration": [],
            "etag": "1y+7vlOKg0Q3AljCkftFmg==",
            "expiration_time": null,
            "external_catalog_table_options": [],
            "external_data_configuration": [],
            "friendly_name": "",
            "generated_schema_columns": null,
            "id": "projects/shop-sense-project/datasets/shopsense_analytics_gold/tables/bridge_category_hierarchy",
            "ignore_auto_generated_schema": false,
            "ignore_schema_changes": null,
            "labels": null,
            "last_modified_time": 1788007655426,
            "location": "asia-south1",
            "materialized_view": [],
            "max_staleness": "",
            "num_bytes": null,
            "num_long_term_bytes": null,
            "num_rows": null,
            "project": "shop-sense-project",
            "range_partitioning": [],
            "require_partition_filter": null,
            "resource_tags": null,
            "schema": null,
            "schema_foreign_type_info": [],
            "self_link": "https://bigquery.googleapis.com/bigquery/v2/projects/shop-sense-project/datasets/shopsense_analytics_gold/tables/bridge_category_hierarchy",
            "table_constraints": [],
            "table_id": "bridge_category_hierarchy",
            "table_metadata_view": null,
            "table_replication_info": [],
            "terraform_labels": {
              "goog-terraform-provisioned": "true"
            },
            "time_partitioning": [],
            "type": "TABLE",
            "view": []
          },
          "sensitive_attributes": [],
          "identity_schema_version": 1,
          "identity": {
            "dataset_id": "shopsense_analytics_gold",
            "project": "shop-sense-project",
            "table_id": "bridge_category_hierarchy"
          },
          "private": "bnVsbA==",
          "dependencies": [
            "module.bigquery.google_bigquery_dataset.gold"
          ]
        }
      ]
    },
    {
      "module": "module.bigquery",
      "mode": "managed",
      "type": "google_bigquery_table",
      "name": "dim_brand",
      "provider": "provider[\"registry.terraform.io/hashicorp/google\"]",
      "instances": [
        {
          "schema_version": 0,
          "attributes": {
            "biglake_configuration": [],
            "clustering": null,
            "creation_time": 1788007655353,
            "dataset_id": "shopsense_analytics_gold",
            "deletion_policy": "DELETE",
            "deletion_protection": false,
            "description": "",
            "effective_labels": {
              "goog-terraform-provisioned": "true"
            },
            "encryption_configuration": [],
            "etag": "HlQ4r+nWrCDAiW4hGLGJqA==",
            "expiration_time": null,
            "external_catalog_table_options": [],
            "external_data_configuration": [],
            "friendly_name": "",
            "generated_schema_columns": null,
            "id": "projects/shop-sense-project/datasets/shopsense_analytics_gold/tables/dim_brand",
            "ignore_auto_generated_schema": false,
            "ignore_schema_changes": null,
            "labels": null,
            "last_modified_time": 1788007655426,
            "location": "asia-south1",
            "materialized_view": [],
            "max_staleness": "",
            "num_bytes": null,
            "num_long_term_bytes": null,
            "num_rows": null,
            "project": "shop-sense-project",
            "range_partitioning": [],
            "require_partition_filter": null,
            "resource_tags": null,
            "schema": null,
            "schema_foreign_type_info": [],
            "self_link": "https://bigquery.googleapis.com/bigquery/v2/projects/shop-sense-project/datasets/shopsense_analytics_gold/tables/dim_brand",
            "table_constraints": [],
            "table_id": "dim_brand",
            "table_metadata_view": null,
            "table_replication_info": [],
            "terraform_labels": {
              "goog-terraform-provisioned": "true"
            },
            "time_partitioning": [],
            "type": "TABLE",
            "view": []
          },
          "sensitive_attributes": [],
          "identity_schema_version": 1,
          "identity": {
            "dataset_id": "shopsense_analytics_gold",
            "project": "shop-sense-project",
            "table_id": "dim_brand"
          },
          "private": "bnVsbA==",
          "dependencies": [
            "module.bigquery.google_bigquery_dataset.gold"
          ]
        }
      ]
    },
    {
      "module": "module.bigquery",
      "mode": "managed",
      "type": "google_bigquery_table",
      "name": "dim_category",
      "provider": "provider[\"registry.terraform.io/hashicorp/google\"]",
      "instances": [
        {
          "schema_version": 0,
          "attributes": {
            "biglake_configuration": [],
            "clustering": null,
            "creation_time": 1788007655344,
            "dataset_id": "shopsense_analytics_gold",
            "deletion_policy": "DELETE",
            "deletion_protection": false,
            "description": "",
            "effective_labels": {
              "goog-terraform-provisioned": "true"
            },
            "encryption_configuration": [],
            "etag": "etFmCUJisYicXwhHZ2hPHw==",
            "expiration_time": null,
            "external_catalog_table_options": [],
            "external_data_configuration": [],
            "friendly_name": "",
            "generated_schema_columns": null,
            "id": "projects/shop-sense-project/datasets/shopsense_analytics_gold/tables/dim_category",
            "ignore_auto_generated_schema": false,
            "ignore_schema_changes": null,
            "labels": null,
            "last_modified_time": 1788007655426,
            "location": "asia-south1",
            "materialized_view": [],
            "max_staleness": "",
            "num_bytes": null,
            "num_long_term_bytes": null,
            "num_rows": null,
            "project": "shop-sense-project",
            "range_partitioning": [],
            "require_partition_filter": null,
            "resource_tags": null,
            "schema": null,
            "schema_foreign_type_info": [],
            "self_link": "https://bigquery.googleapis.com/bigquery/v2/projects/shop-sense-project/datasets/shopsense_analytics_gold/tables/dim_category",
            "table_constraints": [],
            "table_id": "dim_category",
            "table_metadata_view": null,
            "table_replication_info": [],
            "terraform_labels": {
              "goog-terraform-provisioned": "true"
            },
            "time_partitioning": [],
            "type": "TABLE",
            "view": []
          },
          "sensitive_attributes": [],
          "identity_schema_version": 1,
          "identity": {
            "dataset_id": "shopsense_analytics_gold",
            "project": "shop-sense-project",
            "table_id": "dim_category"
          },
          "private": "bnVsbA==",
          "dependencies": [
            "module.bigquery.google_bigquery_dataset.gold"
          ]
        }
      ]
    },
    {
      "module": "module.bigquery",
      "mode": "managed",
      "type": "google_bigquery_table",
      "name": "dim_date",
      "provider": "provider[\"registry.terraform.io/hashicorp/google\"]",
      "instances": [
        {
          "schema_version": 0,
          "attributes": {
            "biglake_configuration": [],
            "clustering": null,
            "creation_time": 1788007655349,
            "dataset_id": "shopsense_analytics_gold",
            "deletion_policy": "DELETE",
            "deletion_protection": false,
            "description": "",
            "effective_labels": {
              "goog-terraform-provisioned": "true"
            },
            "encryption_configuration": [],
            "etag": "yC+xAundNwj2MIVLnriKKw==",
            "expiration_time": null,
            "external_catalog_table_options": [],
            "external_data_configuration": [],
            "friendly_name": "",
            "generated_schema_columns": null,
            "id": "projects/shop-sense-project/datasets/shopsense_analytics_gold/tables/dim_date",
            "ignore_auto_generated_schema": false,
            "ignore_schema_changes": null,
            "labels": null,
            "last_modified_time": 1788007655427,
            "location": "asia-south1",
            "materialized_view": [],
            "max_staleness": "",
            "num_bytes": null,
            "num_long_term_bytes": null,
            "num_rows": null,
            "project": "shop-sense-project",
            "range_partitioning": [],
            "require_partition_filter": null,
            "resource_tags": null,
            "schema": null,
            "schema_foreign_type_info": [],
            "self_link": "https://bigquery.googleapis.com/bigquery/v2/projects/shop-sense-project/datasets/shopsense_analytics_gold/tables/dim_date",
            "table_constraints": [],
            "table_id": "dim_date",
            "table_metadata_view": null,
            "table_replication_info": [],
            "terraform_labels": {
              "goog-terraform-provisioned": "true"
            },
            "time_partitioning": [],
            "type": "TABLE",
            "view": []
          },
          "sensitive_attributes": [],
          "identity_schema_version": 1,
          "identity": {
            "dataset_id": "shopsense_analytics_gold",
            "project": "shop-sense-project",
            "table_id": "dim_date"
          },
          "private": "bnVsbA==",
          "dependencies": [
            "module.bigquery.google_bigquery_dataset.gold"
          ]
        }
      ]
    },
    {
      "module": "module.bigquery",
      "mode": "managed",
      "type": "google_bigquery_table",
      "name": "dim_product",
      "provider": "provider[\"registry.terraform.io/hashicorp/google\"]",
      "instances": [
        {
          "schema_version": 0,
          "attributes": {
            "biglake_configuration": [],
            "clustering": null,
            "creation_time": 1788007655358,
            "dataset_id": "shopsense_analytics_gold",
            "deletion_policy": "DELETE",
            "deletion_protection": false,
            "description": "",
            "effective_labels": {
              "goog-terraform-provisioned": "true"
            },
            "encryption_configuration": [],
            "etag": "yDmwyai7yvo6ybQMbn56uA==",
            "expiration_time": null,
            "external_catalog_table_options": [],
            "external_data_configuration": [],
            "friendly_name": "",
            "generated_schema_columns": null,
            "id": "projects/shop-sense-project/datasets/shopsense_analytics_gold/tables/dim_product",
            "ignore_auto_generated_schema": false,
            "ignore_schema_changes": null,
            "labels": null,
            "last_modified_time": 1788007655428,
            "location": "asia-south1",
            "materialized_view": [],
            "max_staleness": "",
            "num_bytes": null,
            "num_long_term_bytes": null,
            "num_rows": null,
            "project": "shop-sense-project",
            "range_partitioning": [],
            "require_partition_filter": null,
            "resource_tags": null,
            "schema": null,
            "schema_foreign_type_info": [],
            "self_link": "https://bigquery.googleapis.com/bigquery/v2/projects/shop-sense-project/datasets/shopsense_analytics_gold/tables/dim_product",
            "table_constraints": [],
            "table_id": "dim_product",
            "table_metadata_view": null,
            "table_replication_info": [],
            "terraform_labels": {
              "goog-terraform-provisioned": "true"
            },
            "time_partitioning": [],
            "type": "TABLE",
            "view": []
          },
          "sensitive_attributes": [],
          "identity_schema_version": 1,
          "identity": {
            "dataset_id": "shopsense_analytics_gold",
            "project": "shop-sense-project",
            "table_id": "dim_product"
          },
          "private": "bnVsbA==",
          "dependencies": [
            "module.bigquery.google_bigquery_dataset.gold"
          ]
        }
      ]
    },
    {
      "module": "module.bigquery",
      "mode": "managed",
      "type": "google_bigquery_table",
      "name": "dim_session",
      "provider": "provider[\"registry.terraform.io/hashicorp/google\"]",
      "instances": [
        {
          "schema_version": 0,
          "attributes": {
            "biglake_configuration": [],
            "clustering": null,
            "creation_time": 1788007655331,
            "dataset_id": "shopsense_analytics_gold",
            "deletion_policy": "DELETE",
            "deletion_protection": false,
            "description": "",
            "effective_labels": {
              "goog-terraform-provisioned": "true"
            },
            "encryption_configuration": [],
            "etag": "y4TMHE3qVluLNYR2q/Aw+g==",
            "expiration_time": null,
            "external_catalog_table_options": [],
            "external_data_configuration": [],
            "friendly_name": "",
            "generated_schema_columns": null,
            "id": "projects/shop-sense-project/datasets/shopsense_analytics_gold/tables/dim_session",
            "ignore_auto_generated_schema": false,
            "ignore_schema_changes": null,
            "labels": null,
            "last_modified_time": 1788007655426,
            "location": "asia-south1",
            "materialized_view": [],
            "max_staleness": "",
            "num_bytes": null,
            "num_long_term_bytes": null,
            "num_rows": null,
            "project": "shop-sense-project",
            "range_partitioning": [],
            "require_partition_filter": null,
            "resource_tags": null,
            "schema": null,
            "schema_foreign_type_info": [],
            "self_link": "https://bigquery.googleapis.com/bigquery/v2/projects/shop-sense-project/datasets/shopsense_analytics_gold/tables/dim_session",
            "table_constraints": [],
            "table_id": "dim_session",
            "table_metadata_view": null,
            "table_replication_info": [],
            "terraform_labels": {
              "goog-terraform-provisioned": "true"
            },
            "time_partitioning": [],
            "type": "TABLE",
            "view": []
          },
          "sensitive_attributes": [],
          "identity_schema_version": 1,
          "identity": {
            "dataset_id": "shopsense_analytics_gold",
            "project": "shop-sense-project",
            "table_id": "dim_session"
          },
          "private": "bnVsbA==",
          "dependencies": [
            "module.bigquery.google_bigquery_dataset.gold"
          ]
        }
      ]
    },
    {
      "module": "module.bigquery",
      "mode": "managed",
      "type": "google_bigquery_table",
      "name": "fact_events",
      "provider": "provider[\"registry.terraform.io/hashicorp/google\"]",
      "instances": [
        {
          "schema_version": 0,
          "attributes": {
            "biglake_configuration": [],
            "clustering": null,
            "creation_time": 1788007655347,
            "dataset_id": "shopsense_analytics_gold",
            "deletion_policy": "DELETE",
            "deletion_protection": false,
            "description": "",
            "effective_labels": {
              "goog-terraform-provisioned": "true"
            },
            "encryption_configuration": [],
            "etag": "y2E4yQok2CYChzlfpNN3Og==",
            "expiration_time": null,
            "external_catalog_table_options": [],
            "external_data_configuration": [],
            "friendly_name": "",
            "generated_schema_columns": null,
            "id": "projects/shop-sense-project/datasets/shopsense_analytics_gold/tables/fact_events",
            "ignore_auto_generated_schema": false,
            "ignore_schema_changes": null,
            "labels": null,
            "last_modified_time": 1788007655427,
            "location": "asia-south1",
            "materialized_view": [],
            "max_staleness": "",
            "num_bytes": null,
            "num_long_term_bytes": null,
            "num_rows": null,
            "project": "shop-sense-project",
            "range_partitioning": [],
            "require_partition_filter": null,
            "resource_tags": null,
            "schema": null,
            "schema_foreign_type_info": [],
            "self_link": "https://bigquery.googleapis.com/bigquery/v2/projects/shop-sense-project/datasets/shopsense_analytics_gold/tables/fact_events",
            "table_constraints": [],
            "table_id": "fact_events",
            "table_metadata_view": null,
            "table_replication_info": [],
            "terraform_labels": {
              "goog-terraform-provisioned": "true"
            },
            "time_partitioning": [],
            "type": "TABLE",
            "view": []
          },
          "sensitive_attributes": [],
          "identity_schema_version": 1,
          "identity": {
            "dataset_id": "shopsense_analytics_gold",
            "project": "shop-sense-project",
            "table_id": "fact_events"
          },
          "private": "bnVsbA==",
          "dependencies": [
            "module.bigquery.google_bigquery_dataset.gold"
          ]
        }
      ]
    },
    {
      "module": "module.bigquery",
      "mode": "managed",
      "type": "google_bigquery_table",
      "name": "ingestion_insight_control",
      "provider": "provider[\"registry.terraform.io/hashicorp/google\"]",
      "instances": [
        {
          "schema_version": 0,
          "attributes": {
            "biglake_configuration": [],
            "clustering": null,
            "creation_time": 1788007655337,
            "dataset_id": "shopsense_analytics_gold",
            "deletion_policy": "DELETE",
            "deletion_protection": false,
            "description": "",
            "effective_labels": {
              "goog-terraform-provisioned": "true"
            },
            "encryption_configuration": [],
            "etag": "YwFkOX8WAmpOIh17GDQaSw==",
            "expiration_time": null,
            "external_catalog_table_options": [],
            "external_data_configuration": [],
            "friendly_name": "",
            "generated_schema_columns": null,
            "id": "projects/shop-sense-project/datasets/shopsense_analytics_gold/tables/ingestion_insight_control",
            "ignore_auto_generated_schema": false,
            "ignore_schema_changes": null,
            "labels": null,
            "last_modified_time": 1788007655427,
            "location": "asia-south1",
            "materialized_view": [],
            "max_staleness": "",
            "num_bytes": null,
            "num_long_term_bytes": null,
            "num_rows": null,
            "project": "shop-sense-project",
            "range_partitioning": [],
            "require_partition_filter": null,
            "resource_tags": null,
            "schema": null,
            "schema_foreign_type_info": [],
            "self_link": "https://bigquery.googleapis.com/bigquery/v2/projects/shop-sense-project/datasets/shopsense_analytics_gold/tables/ingestion_insight_control",
            "table_constraints": [],
            "table_id": "ingestion_insight_control",
            "table_metadata_view": null,
            "table_replication_info": [],
            "terraform_labels": {
              "goog-terraform-provisioned": "true"
            },
            "time_partitioning": [],
            "type": "TABLE",
            "view": []
          },
          "sensitive_attributes": [],
          "identity_schema_version": 1,
          "identity": {
            "dataset_id": "shopsense_analytics_gold",
            "project": "shop-sense-project",
            "table_id": "ingestion_insight_control"
          },
          "private": "bnVsbA==",
          "dependencies": [
            "module.bigquery.google_bigquery_dataset.gold"
          ]
        }
      ]
    },
    {
      "module": "module.bigquery",
      "mode": "managed",
      "type": "google_bigquery_table",
      "name": "ingestion_transform_control",
      "provider": "provider[\"registry.terraform.io/hashicorp/google\"]",
      "instances": [
        {
          "schema_version": 0,
          "attributes": {
            "biglake_configuration": [],
            "clustering": null,
            "creation_time": 1787934044903,
            "dataset_id": "shopsense_analytics_silver",
            "deletion_policy": "DELETE",
            "deletion_protection": false,
            "description": "",
            "effective_labels": {
              "goog-terraform-provisioned": "true"
            },
            "encryption_configuration": [],
            "etag": "sFhjzVrssLm3O2VIPOXg0g==",
            "expiration_time": null,
            "external_catalog_table_options": [],
            "external_data_configuration": [],
            "friendly_name": "",
            "generated_schema_columns": "",
            "id": "projects/shop-sense-project/datasets/shopsense_analytics_silver/tables/ingestion_transform_control",
            "ignore_auto_generated_schema": false,
            "ignore_schema_changes": null,
            "labels": {},
            "last_modified_time": 1787993225630,
            "location": "asia-south1",
            "materialized_view": [],
            "max_staleness": "",
            "num_bytes": 172,
            "num_long_term_bytes": null,
            "num_rows": 1,
            "project": "shop-sense-project",
            "range_partitioning": [],
            "require_partition_filter": null,
            "resource_tags": {},
            "schema": "[{\"mode\":\"NULLABLE\",\"name\":\"batch_id\",\"type\":\"STRING\"},{\"mode\":\"NULLABLE\",\"name\":\"source_file_name\",\"type\":\"STRING\"},{\"mode\":\"NULLABLE\",\"name\":\"load_type\",\"type\":\"STRING\"},{\"mode\":\"NULLABLE\",\"name\":\"status\",\"type\":\"STRING\"},{\"mode\":\"NULLABLE\",\"name\":\"ingestion_timestamp\",\"type\":\"TIMESTAMP\"},{\"mode\":\"NULLABLE\",\"name\":\"source_rows\",\"type\":\"INTEGER\"},{\"mode\":\"NULLABLE\",\"name\":\"exact_duplicates_removed\",\"type\":\"INTEGER\"},{\"mode\":\"NULLABLE\",\"name\":\"price_zero_removed\",\"type\":\"INTEGER\"},{\"mode\":\"NULLABLE\",\"name\":\"session_missing_removed\",\"type\":\"INTEGER\"},{\"mode\":\"NULLABLE\",\"name\":\"invalid_timestamp_rows\",\"type\":\"INTEGER\"},{\"mode\":\"NULLABLE\",\"name\":\"rows_inserted\",\"type\":\"INTEGER\"},{\"mode\":\"NULLABLE\",\"name\":\"rows_skipped\",\"type\":\"INTEGER\"},{\"mode\":\"NULLABLE\",\"name\":\"bq_job_id\",\"type\":\"STRING\"}]",
            "schema_foreign_type_info": [],
            "self_link": "https://bigquery.googleapis.com/bigquery/v2/projects/shop-sense-project/datasets/shopsense_analytics_silver/tables/ingestion_transform_control",
            "table_constraints": [],
            "table_id": "ingestion_transform_control",
            "table_metadata_view": null,
            "table_replication_info": [],
            "terraform_labels": {
              "goog-terraform-provisioned": "true"
            },
            "time_partitioning": [],
            "type": "TABLE",
            "view": []
          },
          "sensitive_attributes": [],
          "identity_schema_version": 1,
          "identity": {
            "dataset_id": "shopsense_analytics_silver",
            "project": "shop-sense-project",
            "table_id": "ingestion_transform_control"
          },
          "private": "bnVsbA==",
          "dependencies": [
            "module.bigquery.google_bigquery_dataset.silver"
          ]
        }
      ]
    },
    {
      "module": "module.bigquery",
      "mode": "managed",
      "type": "google_bigquery_table",
      "name": "quarantine_data",
      "provider": "provider[\"registry.terraform.io/hashicorp/google\"]",
      "instances": [
        {
          "schema_version": 0,
          "attributes": {
            "biglake_configuration": [],
            "clustering": null,
            "creation_time": 1787934044889,
            "dataset_id": "shopsense_analytics_silver",
            "deletion_policy": "DELETE",
            "deletion_protection": false,
            "description": "",
            "effective_labels": {
              "goog-terraform-provisioned": "true"
            },
            "encryption_configuration": [],
            "etag": "U/NzYT9BHDJ2Hy/ja7Mfdg==",
            "expiration_time": null,
            "external_catalog_table_options": [],
            "external_data_configuration": [],
            "friendly_name": "",
            "generated_schema_columns": "",
            "id": "projects/shop-sense-project/datasets/shopsense_analytics_silver/tables/quarantine_data_table",
            "ignore_auto_generated_schema": false,
            "ignore_schema_changes": null,
            "labels": {},
            "last_modified_time": 1787993222844,
            "location": "asia-south1",
            "materialized_view": [],
            "max_staleness": "",
            "num_bytes": 20566998,
            "num_long_term_bytes": null,
            "num_rows": 98892,
            "project": "shop-sense-project",
            "range_partitioning": [],
            "require_partition_filter": null,
            "resource_tags": {},
            "schema": "[{\"mode\":\"NULLABLE\",\"name\":\"event_time\",\"type\":\"STRING\"},{\"mode\":\"NULLABLE\",\"name\":\"event_type\",\"type\":\"STRING\"},{\"mode\":\"NULLABLE\",\"name\":\"product_id\",\"type\":\"INTEGER\"},{\"mode\":\"NULLABLE\",\"name\":\"category_id\",\"type\":\"INTEGER\"},{\"mode\":\"NULLABLE\",\"name\":\"category_code\",\"type\":\"STRING\"},{\"mode\":\"NULLABLE\",\"name\":\"brand\",\"type\":\"STRING\"},{\"mode\":\"NULLABLE\",\"name\":\"price\",\"type\":\"FLOAT\"},{\"mode\":\"NULLABLE\",\"name\":\"user_id\",\"type\":\"INTEGER\"},{\"mode\":\"NULLABLE\",\"name\":\"user_session\",\"type\":\"STRING\"},{\"mode\":\"NULLABLE\",\"name\":\"ingestion_timestamp\",\"type\":\"TIMESTAMP\"},{\"mode\":\"NULLABLE\",\"name\":\"source_file_name\",\"type\":\"STRING\"},{\"mode\":\"NULLABLE\",\"name\":\"batch_id\",\"type\":\"STRING\"},{\"mode\":\"NULLABLE\",\"name\":\"load_type\",\"type\":\"STRING\"},{\"mode\":\"NULLABLE\",\"name\":\"quarantine_reason\",\"type\":\"STRING\"},{\"mode\":\"NULLABLE\",\"name\":\"quarantined_at\",\"type\":\"TIMESTAMP\"}]",
            "schema_foreign_type_info": [],
            "self_link": "https://bigquery.googleapis.com/bigquery/v2/projects/shop-sense-project/datasets/shopsense_analytics_silver/tables/quarantine_data_table",
            "table_constraints": [],
            "table_id": "quarantine_data_table",
            "table_metadata_view": null,
            "table_replication_info": [],
            "terraform_labels": {
              "goog-terraform-provisioned": "true"
            },
            "time_partitioning": [],
            "type": "TABLE",
            "view": []
          },
          "sensitive_attributes": [],
          "identity_schema_version": 1,
          "identity": {
            "dataset_id": "shopsense_analytics_silver",
            "project": "shop-sense-project",
            "table_id": "quarantine_data_table"
          },
          "private": "bnVsbA==",
          "dependencies": [
            "module.bigquery.google_bigquery_dataset.silver"
          ]
        }
      ]
    },
    {
      "module": "module.bigquery",
      "mode": "managed",
      "type": "google_bigquery_table",
      "name": "raw_data",
      "provider": "provider[\"registry.terraform.io/hashicorp/google\"]",
      "instances": [
        {
          "schema_version": 0,
          "attributes": {
            "biglake_configuration": [],
            "clustering": null,
            "creation_time": 1787658234124,
            "dataset_id": "shopsense_analytics",
            "deletion_policy": "DELETE",
            "deletion_protection": false,
            "description": "",
            "effective_labels": {
              "goog-terraform-provisioned": "true"
            },
            "encryption_configuration": [],
            "etag": "nJhXf3HXyMskoqbWWUkAqg==",
            "expiration_time": null,
            "external_catalog_table_options": [],
            "external_data_configuration": [],
            "friendly_name": "",
            "generated_schema_columns": "",
            "id": "projects/shop-sense-project/datasets/shopsense_analytics/tables/raw_data_table",
            "ignore_auto_generated_schema": false,
            "ignore_schema_changes": null,
            "labels": {},
            "last_modified_time": 1787993125437,
            "location": "asia-south1",
            "materialized_view": [],
            "max_staleness": "",
            "num_bytes": 5286540748,
            "num_long_term_bytes": null,
            "num_rows": 42448764,
            "project": "shop-sense-project",
            "range_partitioning": [],
            "require_partition_filter": null,
            "resource_tags": {},
            "schema": "[{\"mode\":\"NULLABLE\",\"name\":\"event_time\",\"type\":\"STRING\"},{\"mode\":\"NULLABLE\",\"name\":\"event_type\",\"type\":\"STRING\"},{\"mode\":\"NULLABLE\",\"name\":\"product_id\",\"type\":\"INTEGER\"},{\"mode\":\"NULLABLE\",\"name\":\"category_id\",\"type\":\"INTEGER\"},{\"mode\":\"NULLABLE\",\"name\":\"category_code\",\"type\":\"STRING\"},{\"mode\":\"NULLABLE\",\"name\":\"brand\",\"type\":\"STRING\"},{\"mode\":\"NULLABLE\",\"name\":\"price\",\"type\":\"FLOAT\"},{\"mode\":\"NULLABLE\",\"name\":\"user_id\",\"type\":\"INTEGER\"},{\"mode\":\"NULLABLE\",\"name\":\"user_session\",\"type\":\"STRING\"}]",
            "schema_foreign_type_info": [],
            "self_link": "https://bigquery.googleapis.com/bigquery/v2/projects/shop-sense-project/datasets/shopsense_analytics/tables/raw_data_table",
            "table_constraints": [],
            "table_id": "raw_data_table",
            "table_metadata_view": null,
            "table_replication_info": [],
            "terraform_labels": {
              "goog-terraform-provisioned": "true"
            },
            "time_partitioning": [],
            "type": "TABLE",
            "view": []
          },
          "sensitive_attributes": [],
          "identity_schema_version": 1,
          "identity": {
            "dataset_id": "shopsense_analytics",
            "project": "shop-sense-project",
            "table_id": "raw_data_table"
          },
          "private": "bnVsbA==",
          "dependencies": [
            "module.bigquery.google_bigquery_dataset.analytics"
          ]
        }
      ]
    },
    {
      "module": "module.bigquery",
      "mode": "managed",
      "type": "google_bigquery_table",
      "name": "shopsense_raw_stg",
      "provider": "provider[\"registry.terraform.io/hashicorp/google\"]",
      "instances": [
        {
          "schema_version": 0,
          "attributes": {
            "biglake_configuration": [],
            "clustering": null,
            "creation_time": 1787725485707,
            "dataset_id": "shopsense_analytics",
            "deletion_policy": "DELETE",
            "deletion_protection": false,
            "description": "",
            "effective_labels": {
              "goog-terraform-provisioned": "true"
            },
            "encryption_configuration": [],
            "etag": "6xlIa5MDmUR6dXvFMHosLw==",
            "expiration_time": null,
            "external_catalog_table_options": [],
            "external_data_configuration": [],
            "friendly_name": "",
            "generated_schema_columns": "",
            "id": "projects/shop-sense-project/datasets/shopsense_analytics/tables/shopsense_raw_stg",
            "ignore_auto_generated_schema": false,
            "ignore_schema_changes": null,
            "labels": {},
            "last_modified_time": 1787993168889,
            "location": "asia-south1",
            "materialized_view": [],
            "max_staleness": "",
            "num_bytes": 8215505464,
            "num_long_term_bytes": null,
            "num_rows": 42448764,
            "project": "shop-sense-project",
            "range_partitioning": [],
            "require_partition_filter": null,
            "resource_tags": {},
            "schema": "[{\"mode\":\"NULLABLE\",\"name\":\"event_time\",\"type\":\"STRING\"},{\"mode\":\"NULLABLE\",\"name\":\"event_type\",\"type\":\"STRING\"},{\"mode\":\"NULLABLE\",\"name\":\"product_id\",\"type\":\"INTEGER\"},{\"mode\":\"NULLABLE\",\"name\":\"category_id\",\"type\":\"INTEGER\"},{\"mode\":\"NULLABLE\",\"name\":\"category_code\",\"type\":\"STRING\"},{\"mode\":\"NULLABLE\",\"name\":\"brand\",\"type\":\"STRING\"},{\"mode\":\"NULLABLE\",\"name\":\"price\",\"type\":\"FLOAT\"},{\"mode\":\"NULLABLE\",\"name\":\"user_id\",\"type\":\"INTEGER\"},{\"mode\":\"NULLABLE\",\"name\":\"user_session\",\"type\":\"STRING\"},{\"mode\":\"NULLABLE\",\"name\":\"ingestion_timestamp\",\"type\":\"TIMESTAMP\"},{\"mode\":\"NULLABLE\",\"name\":\"source_file_name\",\"type\":\"STRING\"},{\"mode\":\"NULLABLE\",\"name\":\"batch_id\",\"type\":\"STRING\"},{\"mode\":\"NULLABLE\",\"name\":\"load_type\",\"type\":\"STRING\"}]",
            "schema_foreign_type_info": [],
            "self_link": "https://bigquery.googleapis.com/bigquery/v2/projects/shop-sense-project/datasets/shopsense_analytics/tables/shopsense_raw_stg",
            "table_constraints": [],
            "table_id": "shopsense_raw_stg",
            "table_metadata_view": null,
            "table_replication_info": [],
            "terraform_labels": {
              "goog-terraform-provisioned": "true"
            },
            "time_partitioning": [],
            "type": "TABLE",
            "view": []
          },
          "sensitive_attributes": [],
          "identity_schema_version": 1,
          "identity": {
            "dataset_id": "shopsense_analytics",
            "project": "shop-sense-project",
            "table_id": "shopsense_raw_stg"
          },
          "private": "bnVsbA==",
          "dependencies": [
            "module.bigquery.google_bigquery_dataset.analytics"
          ]
        }
      ]
    },
    {
      "module": "module.bigquery",
      "mode": "managed",
      "type": "google_bigquery_table",
      "name": "transform_data",
      "provider": "provider[\"registry.terraform.io/hashicorp/google\"]",
      "instances": [
        {
          "schema_version": 0,
          "attributes": {
            "biglake_configuration": [],
            "clustering": null,
            "creation_time": 1787934044889,
            "dataset_id": "shopsense_analytics_silver",
            "deletion_policy": "DELETE",
            "deletion_protection": false,
            "description": "",
            "effective_labels": {
              "goog-terraform-provisioned": "true"
            },
            "encryption_configuration": [],
            "etag": "faALNqFmBjQe/3ZePkMYNg==",
            "expiration_time": null,
            "external_catalog_table_options": [],
            "external_data_configuration": [],
            "friendly_name": "",
            "generated_schema_columns": "",
            "id": "projects/shop-sense-project/datasets/shopsense_analytics_silver/tables/transform_data_table",
            "ignore_auto_generated_schema": false,
            "ignore_schema_changes": null,
            "labels": {},
            "last_modified_time": 1787993222844,
            "location": "asia-south1",
            "materialized_view": [],
            "max_staleness": "",
            "num_bytes": 9382863817,
            "num_long_term_bytes": null,
            "num_rows": 42349872,
            "project": "shop-sense-project",
            "range_partitioning": [],
            "require_partition_filter": null,
            "resource_tags": {},
            "schema": "[{\"mode\":\"NULLABLE\",\"name\":\"surrogate_key\",\"type\":\"INTEGER\"},{\"mode\":\"NULLABLE\",\"name\":\"row_hash\",\"type\":\"STRING\"},{\"mode\":\"NULLABLE\",\"name\":\"event_time\",\"type\":\"TIMESTAMP\"},{\"mode\":\"NULLABLE\",\"name\":\"event_type\",\"type\":\"STRING\"},{\"mode\":\"NULLABLE\",\"name\":\"product_id\",\"type\":\"INTEGER\"},{\"mode\":\"NULLABLE\",\"name\":\"category_id\",\"type\":\"INTEGER\"},{\"mode\":\"NULLABLE\",\"name\":\"category_code\",\"type\":\"STRING\"},{\"mode\":\"NULLABLE\",\"name\":\"brand\",\"type\":\"STRING\"},{\"mode\":\"NULLABLE\",\"name\":\"price\",\"type\":\"NUMERIC\"},{\"mode\":\"NULLABLE\",\"name\":\"user_id\",\"type\":\"INTEGER\"},{\"mode\":\"NULLABLE\",\"name\":\"user_session\",\"type\":\"STRING\"},{\"mode\":\"NULLABLE\",\"name\":\"batch_id\",\"type\":\"STRING\"},{\"mode\":\"NULLABLE\",\"name\":\"silver_loaded_at\",\"type\":\"TIMESTAMP\"}]",
            "schema_foreign_type_info": [],
            "self_link": "https://bigquery.googleapis.com/bigquery/v2/projects/shop-sense-project/datasets/shopsense_analytics_silver/tables/transform_data_table",
            "table_constraints": [],
            "table_id": "transform_data_table",
            "table_metadata_view": null,
            "table_replication_info": [],
            "terraform_labels": {
              "goog-terraform-provisioned": "true"
            },
            "time_partitioning": [],
            "type": "TABLE",
            "view": []
          },
          "sensitive_attributes": [],
          "identity_schema_version": 1,
          "identity": {
            "dataset_id": "shopsense_analytics_silver",
            "project": "shop-sense-project",
            "table_id": "transform_data_table"
          },
          "private": "bnVsbA==",
          "dependencies": [
            "module.bigquery.google_bigquery_dataset.silver"
          ]
        }
      ]
    },
    {
      "module": "module.service_account",
      "mode": "managed",
      "type": "google_service_account",
      "name": "pipeline",
      "provider": "provider[\"registry.terraform.io/hashicorp/google\"]",
      "instances": [
        {
          "schema_version": 0,
          "attributes": {
            "account_id": "shopsense-data-pipeline-sa",
            "create_ignore_already_exists": null,
            "deletion_policy": "DELETE",
            "description": "Service account used by the ShopSense data pipeline.",
            "disabled": false,
            "display_name": "ShopSense Data Pipeline Service Account",
            "email": "shopsense-data-pipeline-sa@shop-sense-project.iam.gserviceaccount.com",
            "id": "projects/shop-sense-project/serviceAccounts/shopsense-data-pipeline-sa@shop-sense-project.iam.gserviceaccount.com",
            "member": "serviceAccount:shopsense-data-pipeline-sa@shop-sense-project.iam.gserviceaccount.com",
            "name": "projects/shop-sense-project/serviceAccounts/shopsense-data-pipeline-sa@shop-sense-project.iam.gserviceaccount.com",
            "project": "shop-sense-project",
            "timeouts": null,
            "unique_id": "114066705655600031218"
          },
          "sensitive_attributes": [],
          "identity_schema_version": 1,
          "identity": {
            "email": "shopsense-data-pipeline-sa@shop-sense-project.iam.gserviceaccount.com",
            "project": "shop-sense-project"
          },
          "private": "eyJlMmJmYjczMC1lY2FhLTExZTYtOGY4OC0zNDM2M2JjN2M0YzAiOnsiY3JlYXRlIjozMDAwMDAwMDAwMDB9fQ=="
        }
      ]
    },
    {
      "module": "module.storage",
      "mode": "managed",
      "type": "google_storage_bucket",
      "name": "data_lake",
      "provider": "provider[\"registry.terraform.io/hashicorp/google\"]",
      "instances": [
        {
          "schema_version": 4,
          "attributes": {
            "autoclass": [],
            "cors": [],
            "custom_placement_config": [],
            "default_event_based_hold": false,
            "deletion_policy": "DELETE",
            "effective_labels": {
              "goog-terraform-provisioned": "true"
            },
            "enable_object_retention": false,
            "encryption": [],
            "force_destroy": false,
            "hierarchical_namespace": [
              {
                "enabled": false
              }
            ],
            "id": "shopsense-data-lake",
            "ip_filter": [],
            "labels": {},
            "lifecycle_rule": [],
            "location": "ASIA-SOUTH1",
            "logging": [],
            "name": "shopsense-data-lake",
            "project": "shop-sense-project",
            "project_number": 543271284075,
            "public_access_prevention": "enforced",
            "requester_pays": false,
            "retention_policy": [],
            "rpo": null,
            "self_link": "https://www.googleapis.com/storage/v1/b/shopsense-data-lake",
            "soft_delete_policy": [
              {
                "effective_time": "2026-08-25T11:43:51.904Z",
                "retention_duration_seconds": 604800
              }
            ],
            "storage_class": "STANDARD",
            "terraform_labels": {
              "goog-terraform-provisioned": "true"
            },
            "time_created": "2026-08-25T11:43:51.904Z",
            "timeouts": null,
            "uniform_bucket_level_access": true,
            "updated": "2026-08-26T08:35:12.444Z",
            "url": "gs://shopsense-data-lake",
            "versioning": [
              {
                "enabled": true
              }
            ],
            "website": []
          },
          "sensitive_attributes": [],
          "identity_schema_version": 1,
          "identity": {
            "name": "shopsense-data-lake",
            "project": "shop-sense-project"
          },
          "private": "eyJlMmJmYjczMC1lY2FhLTExZTYtOGY4OC0zNDM2M2JjN2M0YzAiOnsiY3JlYXRlIjo2MDAwMDAwMDAwMDAsInJlYWQiOjI0MDAwMDAwMDAwMCwidXBkYXRlIjoyNDAwMDAwMDAwMDB9LCJzY2hlbWFfdmVyc2lvbiI6IjQifQ=="
        }
      ]
    }
  ],
  "check_results": null
}
